
Microsoft Visual Studio Solution File, Format Version 12.00
# Visual Studio Version 16
VisualStudioVersion = 16.0.29519.181
MinimumVisualStudioVersion = 10.0.40219.1
Project("{FAE04EC0-301F-11D3-BF4B-00C04F79EFBC}") = "NuvemPessoalApp", "NuvemPessoalApp\NuvemPessoalApp.csproj", "{8B5E44A6-78F6-4932-96C2-F8664DFBD8DE}"
EndProject
Global
	GlobalSection(SolutionConfigurationPlatforms) = preSolution
		Debug|Any CPU = Debug|Any CPU
		Release|Any CPU = Release|Any CPU
	EndGlobalSection
	GlobalSection(ProjectConfigurationPlatforms) = postSolution
		{8B5E44A6-78F6-4932-96C2-F8664DFBD8DE}.Debug|Any CPU.ActiveCfg = Debug|Any CPU
		{8B5E44A6-78F6-4932-96C2-F8664DFBD8DE}.Debug|Any CPU.Build.0 = Debug|Any CPU
		{8B5E44A6-78F6-4932-96C2-F8664DFBD8DE}.Release|Any CPU.ActiveCfg = Release|Any CPU
		{8B5E44A6-78F6-4932-96C2-F8664DFBD8DE}.Release|Any CPU.Build.0 = Release|Any CPU
	EndGlobalSection
	GlobalSection(SolutionProperties) = preSolution
		HideSolutionNode = FALSE
	EndGlobalSection
	GlobalSection(ExtensibilityGlobals) = postSolution
		SolutionGuid = {6DF2258F-D02C-4D81-9F7E-7F188BA15C3B}
	EndGlobalSection
EndGlobal
